// !$*UTF8*$!
{
	archiveVersion = 1;
	classes = {
	};
	objectVersion = 50;
	objects = {

/* Begin PBXBuildFile section */
		D62536A621BA695D0014E5EF /* AppDelegate.swift in Sources */ = {isa = PBXBuildFile; fileRef = D62536A521BA695D0014E5EF /* AppDelegate.swift */; };
		D62536AB21BA695D0014E5EF /* Main.storyboard in Resources */ = {isa = PBXBuildFile; fileRef = D62536A921BA695D0014E5EF /* Main.storyboard */; };
		D62536AD21BA695F0014E5EF /* Assets.xcassets in Resources */ = {isa = PBXBuildFile; fileRef = D62536AC21BA695F0014E5EF /* Assets.xcassets */; };
		D62536B021BA695F0014E5EF /* LaunchScreen.storyboard in Resources */ = {isa = PBXBuildFile; fileRef = D62536AE21BA695F0014E5EF /* LaunchScreen.storyboard */; };
		D62536B821BA6D860014E5EF /* FeudalismViewController.swift in Sources */ = {isa = PBXBuildFile; fileRef = D62536B721BA6D860014E5EF /* FeudalismViewController.swift */; };
		D62536BA21BA6DB40014E5EF /* ColonialismViewController.swift in Sources */ = {isa = PBXBuildFile; fileRef = D62536B921BA6DB40014E5EF /* ColonialismViewController.swift */; };
		D62536BC21BA6DF30014E5EF /* DespotismViewController.swift in Sources */ = {isa = PBXBuildFile; fileRef = D62536BB21BA6DF30014E5EF /* DespotismViewController.swift */; };
		D6459C7D21BE0F7900276A78 /* NSTTableViewController.swift in Sources */ = {isa = PBXBuildFile; fileRef = D6459C7C21BE0F7900276A78 /* NSTTableViewController.swift */; };
		D6459C7F21BE1AE200276A78 /* NSTWebViewController.swift in Sources */ = {isa = PBXBuildFile; fileRef = D6459C7E21BE1AE200276A78 /* NSTWebViewController.swift */; };
		D6459C8121BE347A00276A78 /* NSTSegmentView.swift in Sources */ = {isa = PBXBuildFile; fileRef = D6459C8021BE347A00276A78 /* NSTSegmentView.swift */; };
/* End PBXBuildFile section */

/* Begin PBXFileReference section */
		D62536A221BA695D0014E5EF /* NestedScrollview.app */ = {isa = PBXFileReference; explicitFileType = wrapper.application; includeInIndex = 0; path = NestedScrollview.app; sourceTree = BUILT_PRODUCTS_DIR; };
		D62536A521BA695D0014E5EF /* AppDelegate.swift */ = {isa = PBXFileReference; lastKnownFileType = sourcecode.swift; path = AppDelegate.swift; sourceTree = "<group>"; };
		D62536AA21BA695D0014E5EF /* Base */ = {isa = PBXFileReference; lastKnownFileType = file.storyboard; name = Base; path = Base.lproj/Main.storyboard; sourceTree = "<group>"; };
		D62536AC21BA695F0014E5EF /* Assets.xcassets */ = {isa = PBXFileReference; lastKnownFileType = folder.assetcatalog; path = Assets.xcassets; sourceTree = "<group>"; };
		D62536AF21BA695F0014E5EF /* Base */ = {isa = PBXFileReference; lastKnownFileType = file.storyboard; name = Base; path = Base.lproj/LaunchScreen.storyboard; sourceTree = "<group>"; };
		D62536B121BA695F0014E5EF /* Info.plist */ = {isa = PBXFileReference; lastKnownFileType = text.plist.xml; path = Info.plist; sourceTree = "<group>"; };
		D62536B721BA6D860014E5EF /* FeudalismViewController.swift */ = {isa = PBXFileReference; lastKnownFileType = sourcecode.swift; path = FeudalismViewController.swift; sourceTree = "<group>"; };
		D62536B921BA6DB40014E5EF /* ColonialismViewController.swift */ = {isa = PBXFileReference; lastKnownFileType = sourcecode.swift; path = ColonialismViewController.swift; sourceTree = "<group>"; };
		D62536BB21BA6DF30014E5EF /* DespotismViewController.swift */ = {isa = PBXFileReference; lastKnownFileType = sourcecode.swift; path = DespotismViewController.swift; sourceTree = "<group>"; };
		D6459C7C21BE0F7900276A78 /* NSTTableViewController.swift */ = {isa = PBXFileReference; lastKnownFileType = sourcecode.swift; name = NSTTableViewController.swift; path = Components/NSTTableViewController.swift; sourceTree = "<group>"; };
		D6459C7E21BE1AE200276A78 /* NSTWebViewController.swift */ = {isa = PBXFileReference; lastKnownFileType = sourcecode.swift; name = NSTWebViewController.swift; path = Components/NSTWebViewController.swift; sourceTree = "<group>"; };
		D6459C8021BE347A00276A78 /* NSTSegmentView.swift */ = {isa = PBXFileReference; lastKnownFileType = sourcecode.swift; name = NSTSegmentView.swift; path = Components/NSTSegmentView.swift; sourceTree = "<group>"; };
/* End PBXFileReference section */

/* Begin PBXFrameworksBuildPhase section */
		D625369F21BA695D0014E5EF /* Frameworks */ = {
			isa = PBXFrameworksBuildPhase;
			buildActionMask = 2147483647;
			files = (
			);
			runOnlyForDeploymentPostprocessing = 0;
		};
/* End PBXFrameworksBuildPhase section */

/* Begin PBXGroup section */
		D625369921BA695D0014E5EF = {
			isa = PBXGroup;
			children = (
				D62536A421BA695D0014E5EF /* NestedScrollview */,
				D62536A321BA695D0014E5EF /* Products */,
			);
			sourceTree = "<group>";
		};
		D62536A321BA695D0014E5EF /* Products */ = {
			isa = PBXGroup;
			children = (
				D62536A221BA695D0014E5EF /* NestedScrollview.app */,
			);
			name = Products;
			sourceTree = "<group>";
		};
		D62536A421BA695D0014E5EF /* NestedScrollview */ = {
			isa = PBXGroup;
			children = (
				D62536A521BA695D0014E5EF /* AppDelegate.swift */,
				D62536A921BA695D0014E5EF /* Main.storyboard */,
				D62536AC21BA695F0014E5EF /* Assets.xcassets */,
				D62536AE21BA695F0014E5EF /* LaunchScreen.storyboard */,
				D62536B121BA695F0014E5EF /* Info.plist */,
				D62536B721BA6D860014E5EF /* FeudalismViewController.swift */,
				D62536B921BA6DB40014E5EF /* ColonialismViewController.swift */,
				D62536BB21BA6DF30014E5EF /* DespotismViewController.swift */,
				D6459C7C21BE0F7900276A78 /* NSTTableViewController.swift */,
				D6459C7E21BE1AE200276A78 /* NSTWebViewController.swift */,
				D6459C8021BE347A00276A78 /* NSTSegmentView.swift */,
			);
			path = NestedScrollview;
			sourceTree = "<group>";
		};
/* End PBXGroup section */

/* Begin PBXNativeTarget section */
		D62536A121BA695D0014E5EF /* NestedScrollview */ = {
			isa = PBXNativeTarget;
			buildConfigurationList = D62536B421BA695F0014E5EF /* Build configuration list for PBXNativeTarget "NestedScrollview" */;
			buildPhases = (
				D625369E21BA695D0014E5EF /* Sources */,
				D625369F21BA695D0014E5EF /* Frameworks */,
				D62536A021BA695D0014E5EF /* Resources */,
			);
			buildRules = (
			);
			dependencies = (
			);
			name = NestedScrollview;
			productName = NestedScrollview;
			productReference = D62536A221BA695D0014E5EF /* NestedScrollview.app */;
			productType = "com.apple.product-type.application";
		};
/* End PBXNativeTarget section */

/* Begin PBXProject section */
		D625369A21BA695D0014E5EF /* Project object */ = {
			isa = PBXProject;
			attributes = {
				LastSwiftUpdateCheck = 0930;
				LastUpgradeCheck = 0930;
				ORGANIZATIONNAME = vanch;
				TargetAttributes = {
					D62536A121BA695D0014E5EF = {
						CreatedOnToolsVersion = 9.3;
					};
				};
			};
			buildConfigurationList = D625369D21BA695D0014E5EF /* Build configuration list for PBXProject "NestedScrollview" */;
			compatibilityVersion = "Xcode 9.3";
			developmentRegion = en;
			hasScannedForEncodings = 0;
			knownRegions = (
				en,
				Base,
			);
			mainGroup = D625369921BA695D0014E5EF;
			productRefGroup = D62536A321BA695D0014E5EF /* Products */;
			projectDirPath = "";
			projectRoot = "";
			targets = (
				D62536A121BA695D0014E5EF /* NestedScrollview */,
			);
		};
/* End PBXProject section */

/* Begin PBXResourcesBuildPhase section */
		D62536A021BA695D0014E5EF /* Resources */ = {
			isa = PBXResourcesBuildPhase;
			buildActionMask = 2147483647;
			files = (
				D62536B021BA695F0014E5EF /* LaunchScreen.storyboard in Resources */,
				D62536AD21BA695F0014E5EF /* Assets.xcassets in Resources */,
				D62536AB21BA695D0014E5EF /* Main.storyboard in Resources */,
			);
			runOnlyForDeploymentPostprocessing = 0;
		};
/* End PBXResourcesBuildPhase section */

/* Begin PBXSourcesBuildPhase section */
		D625369E21BA695D0014E5EF /* Sources */ = {
			isa = PBXSourcesBuildPhase;
			buildActionMask = 2147483647;
			files = (
				D62536BA21BA6DB40014E5EF /* ColonialismViewController.swift in Sources */,
				D6459C8121BE347A00276A78 /* NSTSegmentView.swift in Sources */,
				D6459C7F21BE1AE200276A78 /* NSTWebViewController.swift in Sources */,
				D62536A621BA695D0014E5EF /* AppDelegate.swift in Sources */,
				D62536B821BA6D860014E5EF /* FeudalismViewController.swift in Sources */,
				D62536BC21BA6DF30014E5EF /* DespotismViewController.swift in Sources */,
				D6459C7D21BE0F7900276A78 /* NSTTableViewController.swift in Sources */,
			);
			runOnlyForDeploymentPostprocessing = 0;
		};
/* End PBXSourcesBuildPhase section */

/* Begin PBXVariantGroup section */
		D62536A921BA695D0014E5EF /* Main.storyboard */ = {
			isa = PBXVariantGroup;
			children = (
				D62536AA21BA695D0014E5EF /* Base */,
			);
			name = Main.storyboard;
			sourceTree = "<group>";
		};
		D62536AE21BA695F0014E5EF /* LaunchScreen.storyboard */ = {
			isa = PBXVariantGroup;
			children = (
				D62536AF21BA695F0014E5EF /* Base */,
			);
			name = LaunchScreen.storyboard;
			sourceTree = "<group>";
		};
/* End PBXVariantGroup section */

/* Begin XCBuildConfiguration section */
		D62536B221BA695F0014E5EF /* Debug */ = {
			isa = XCBuildConfiguration;
			buildSettings = {
				ALWAYS_SEARCH_USER_PATHS = NO;
				CLANG_ANALYZER_NONNULL = YES;
				CLANG_ANALYZER_NUMBER_OBJECT_CONVERSION = YES_AGGRESSIVE;
				CLANG_CXX_LANGUAGE_STANDARD = "gnu++14";
				CLANG_CXX_LIBRARY = "libc++";
				CLANG_ENABLE_MODULES = YES;
				CLANG_ENABLE_OBJC_ARC = YES;
				CLANG_ENABLE_OBJC_WEAK = YES;
				CLANG_WARN_BLOCK_CAPTURE_AUTORELEASING = YES;
				CLANG_WARN_BOOL_CONVERSION = YES;
				CLANG_WARN_COMMA = YES;
				CLANG_WARN_CONSTANT_CONVERSION = YES;
				CLANG_WARN_DEPRECATED_OBJC_IMPLEMENTATIONS = YES;
				CLANG_WARN_DIRECT_OBJC_ISA_USAGE = YES_ERROR;
				CLANG_WARN_DOCUMENTATION_COMMENTS = YES;
				CLANG_WARN_EMPTY_BODY = YES;
				CLANG_WARN_ENUM_CONVERSION = YES;
				CLANG_WARN_INFINITE_RECURSION = YES;
				CLANG_WARN_INT_CONVERSION = YES;
				CLANG_WARN_NON_LITERAL_NULL_CONVERSION = YES;
				CLANG_WARN_OBJC_IMPLICIT_RETAIN_SELF = YES;
				CLANG_WARN_OBJC_LITERAL_CONVERSION = YES;
				CLANG_WARN_OBJC_ROOT_CLASS = YES_ERROR;
				CLANG_WARN_RANGE_LOOP_ANALYSIS = YES;
				CLANG_WARN_STRICT_PROTOTYPES = YES;
				CLANG_WARN_SUSPICIOUS_MOVE = YES;
				CLANG_WARN_UNGUARDED_AVAILABILITY = YES_AGGRESSIVE;
				CLANG_WARN_UNREACHABLE_CODE = YES;
				CLANG_WARN__DUPLICATE_METHOD_MATCH = YES;
				CODE_SIGN_IDENTITY = "iPhone Developer";
				COPY_PHASE_STRIP = NO;
				DEBUG_INFORMATION_FORMAT = dwarf;
				ENABLE_STRICT_OBJC_MSGSEND = YES;
				ENABLE_TESTABILITY = YES;
				GCC_C_LANGUAGE_STANDARD = gnu11;
				GCC_DYNAMIC_NO_PIC = NO;
				GCC_NO_COMMON_BLOCKS = YES;
				GCC_OPTIMIZATION_LEVEL = 0;
				GCC_PREPROCESSOR_DEFINITIONS = (
					"DEBUG=1",
					"$(inherited)",
				);
				GCC_WARN_64_TO_32_BIT_CONVERSION = YES;
				GCC_WARN_ABOUT_RETURN_TYPE = YES_ERROR;
				GCC_WARN_UNDECLARED_SELECTOR = YES;
				GCC_WARN_UNINITIALIZED_AUTOS = YES_AGGRESSIVE;
				GCC_WARN_UNUSED_FUNCTION = YES;
				GCC_WARN_UNUSED_VARIABLE = YES;
				IPHONEOS_DEPLOYMENT_TARGET = 11.3;
				MTL_ENABLE_DEBUG_INFO = YES;
				ONLY_ACTIVE_ARCH = YES;
				SDKROOT = iphoneos;
				SWIFT_ACTIVE_COMPILATION_CONDITIONS = DEBUG;
				SWIFT_OPTIMIZATION_LEVEL = "-Onone";
			};
			name = Debug;
		};
		D62536B321BA695F0014E5EF /* Release */ = {
			isa = XCBuildConfiguration;
			buildSettings = {
				ALWAYS_SEARCH_USER_PATHS = NO;
				CLANG_ANALYZER_NONNULL = YES;
				CLANG_ANALYZER_NUMBER_OBJECT_CONVERSION = YES_AGGRESSIVE;
				CLANG_CXX_LANGUAGE_STANDARD = "gnu++14";
				CLANG_CXX_LIBRARY = "libc++";
				CLANG_ENABLE_MODULES = YES;
				CLANG_ENABLE_OBJC_ARC = YES;
				CLANG_ENABLE_OBJC_WEAK = YES;
				CLANG_WARN_BLOCK_CAPTURE_AUTORELEASING = YES;
				CLANG_WARN_BOOL_CONVERSION = YES;
				CLANG_WARN_COMMA = YES;
				CLANG_WARN_CONSTANT_CONVERSION = YES;
				CLANG_WARN_DEPRECATED_OBJC_IMPLEMENTATIONS = YES;
				CLANG_WARN_DIRECT_OBJC_ISA_USAGE = YES_ERROR;
				CLANG_WARN_DOCUMENTATION_COMMENTS = YES;
				CLANG_WARN_EMPTY_BODY = YES;
				CLANG_WARN_ENUM_CONVERSION = YES;
				CLANG_WARN_INFINITE_RECURSION = YES;
				CLANG_WARN_INT_CONVERSION = YES;
				CLANG_WARN_NON_LITERAL_NULL_CONVERSION = YES;
				CLANG_WARN_OBJC_IMPLICIT_RETAIN_SELF = YES;
				CLANG_WARN_OBJC_LITERAL_CONVERSION = YES;
				CLANG_WARN_OBJC_ROOT_CLASS = YES_ERROR;
				CLANG_WARN_RANGE_LOOP_ANALYSIS = YES;
				CLANG_WARN_STRICT_PROTOTYPES = YES;
				CLANG_WARN_SUSPICIOUS_MOVE = YES;
				CLANG_WARN_UNGUARDED_AVAILABILITY = YES_AGGRESSIVE;
				CLANG_WARN_UNREACHABLE_CODE = YES;
				CLANG_WARN__DUPLICATE_METHOD_MATCH = YES;
				CODE_SIGN_IDENTITY = "iPhone Developer";
				COPY_PHASE_STRIP = NO;
				DEBUG_INFORMATION_FORMAT = "dwarf-with-dsym";
				ENABLE_NS_ASSERTIONS = NO;
				ENABLE_STRICT_OBJC_MSGSEND = YES;
				GCC_C_LANGUAGE_STANDARD = gnu11;
				GCC_NO_COMMON_BLOCKS = YES;
				GCC_WARN_64_TO_32_BIT_CONVERSION = YES;
				GCC_WARN_ABOUT_RETURN_TYPE = YES_ERROR;
				GCC_WARN_UNDECLARED_SELECTOR = YES;
				GCC_WARN_UNINITIALIZED_AUTOS = YES_AGGRESSIVE;
				GCC_WARN_UNUSED_FUNCTION = YES;
				GCC_WARN_UNUSED_VARIABLE = YES;
				IPHONEOS_DEPLOYMENT_TARGET = 11.3;
				MTL_ENABLE_DEBUG_INFO = NO;
				SDKROOT = iphoneos;
				SWIFT_COMPILATION_MODE = wholemodule;
				SWIFT_OPTIMIZATION_LEVEL = "-O";
				VALIDATE_PRODUCT = YES;
			};
			name = Release;
		};
		D62536B521BA695F0014E5EF /* Debug */ = {
			isa = XCBuildConfiguration;
			buildSettings = {
				ASSETCATALOG_COMPILER_APPICON_NAME = AppIcon;
				CODE_SIGN_STYLE = Automatic;
				DEVELOPMENT_TEAM = N95PFH5E8A;
				INFOPLIST_FILE = NestedScrollview/Info.plist;
				LD_RUNPATH_SEARCH_PATHS = (
					"$(inherited)",
					"@executable_path/Frameworks",
				);
				PRODUCT_BUNDLE_IDENTIFIER = vanch.NestedScrollview;
				PRODUCT_NAME = "$(TARGET_NAME)";
				SWIFT_VERSION = 4.0;
				TARGETED_DEVICE_FAMILY = "1,2";
			};
			name = Debug;
		};
		D62536B621BA695F0014E5EF /* Release */ = {
			isa = XCBuildConfiguration;
			buildSettings = {
				ASSETCATALOG_COMPILER_APPICON_NAME = AppIcon;
				CODE_SIGN_STYLE = Automatic;
				DEVELOPMENT_TEAM = N95PFH5E8A;
				INFOPLIST_FILE = NestedScrollview/Info.plist;
				LD_RUNPATH_SEARCH_PATHS = (
					"$(inherited)",
					"@executable_path/Frameworks",
				);
				PRODUCT_BUNDLE_IDENTIFIER = vanch.NestedScrollview;
				PRODUCT_NAME = "$(TARGET_NAME)";
				SWIFT_VERSION = 4.0;
				TARGETED_DEVICE_FAMILY = "1,2";
			};
			name = Release;
		};
/* End XCBuildConfiguration section */

/* Begin XCConfigurationList section */
		D625369D21BA695D0014E5EF /* Build configuration list for PBXProject "NestedScrollview" */ = {
			isa = XCConfigurationList;
			buildConfigurations = (
				D62536B221BA695F0014E5EF /* Debug */,
				D62536B321BA695F0014E5EF /* Release */,
			);
			defaultConfigurationIsVisible = 0;
			defaultConfigurationName = Release;
		};
		D62536B421BA695F0014E5EF /* Build configuration list for PBXNativeTarget "NestedScrollview" */ = {
			isa = XCConfigurationList;
			buildConfigurations = (
				D62536B521BA695F0014E5EF /* Debug */,
				D62536B621BA695F0014E5EF /* Release */,
			);
			defaultConfigurationIsVisible = 0;
			defaultConfigurationName = Release;
		};
/* End XCConfigurationList section */
	};
	rootObject = D625369A21BA695D0014E5EF /* Project object */;
}
